
Microsoft Visual Studio Solution File, Format Version 12.00
# Visual Studio Version 16
VisualStudioVersion = 16.0.28803.156
MinimumVisualStudioVersion = 10.0.40219.1
Project("{FAE04EC0-301F-11D3-BF4B-00C04F79EFBC}") = "Library Management", "Library Management\Library Management.csproj", "{6A63CFAC-FF38-4B94-9506-290E5AC1024E}"
EndProject
Global
	GlobalSection(SolutionConfigurationPlatforms) = preSolution
		Debug|Any CPU = Debug|Any CPU
		Release|Any CPU = Release|Any CPU
	EndGlobalSection
	GlobalSection(ProjectConfigurationPlatforms) = postSolution
		{6A63CFAC-FF38-4B94-9506-290E5AC1024E}.Debug|Any CPU.ActiveCfg = Debug|Any CPU
		{6A63CFAC-FF38-4B94-9506-290E5AC1024E}.Debug|Any CPU.Build.0 = Debug|Any CPU
		{6A63CFAC-FF38-4B94-9506-290E5AC1024E}.Release|Any CPU.ActiveCfg = Release|Any CPU
		{6A63CFAC-FF38-4B94-9506-290E5AC1024E}.Release|Any CPU.Build.0 = Release|Any CPU
	EndGlobalSection
	GlobalSection(SolutionProperties) = preSolution
		HideSolutionNode = FALSE
	EndGlobalSection
	GlobalSection(ExtensibilityGlobals) = postSolution
		SolutionGuid = {13C11A1E-6D4E-49AC-BB8A-BFDB9DBBDBB6}
	EndGlobalSection
EndGlobal
